
Microsoft Visual Studio Solution File, Format Version 12.00
# Visual Studio Version 17
VisualStudioVersion = 17.14.36301.6 d17.14
MinimumVisualStudioVersion = 10.0.40219.1
Project("{FAE04EC0-301F-11D3-BF4B-00C04F79EFBC}") = "Audiobook Compressor", "Audiobook Compressor\Audiobook Compressor.csproj", "{1F708201-FD9F-44FA-ABE5-1C3F7FD3600F}"
EndProject
Global
	GlobalSection(SolutionConfigurationPlatforms) = preSolution
		Debug|Any CPU = Debug|Any CPU
		Release|Any CPU = Release|Any CPU
	EndGlobalSection
	GlobalSection(ProjectConfigurationPlatforms) = postSolution
		{1F708201-FD9F-44FA-ABE5-1C3F7FD3600F}.Debug|Any CPU.ActiveCfg = Debug|Any CPU
		{1F708201-FD9F-44FA-ABE5-1C3F7FD3600F}.Debug|Any CPU.Build.0 = Debug|Any CPU
		{1F708201-FD9F-44FA-ABE5-1C3F7FD3600F}.Release|Any CPU.ActiveCfg = Release|Any CPU
		{1F708201-FD9F-44FA-ABE5-1C3F7FD3600F}.Release|Any CPU.Build.0 = Release|Any CPU
	EndGlobalSection
	GlobalSection(SolutionProperties) = preSolution
		HideSolutionNode = FALSE
	EndGlobalSection
	GlobalSection(ExtensibilityGlobals) = postSolution
		SolutionGuid = {C2C90CE2-C5E9-457E-BE8D-422EDCFD6F05}
	EndGlobalSection
EndGlobal
